
Microsoft Visual Studio Solution File, Format Version 12.00
# Visual Studio Version 16
VisualStudioVersion = 16.0.30011.22
MinimumVisualStudioVersion = 10.0.40219.1
Project("{FAE04EC0-301F-11D3-BF4B-00C04F79EFBC}") = "FinalLabMMedia", "FinalLabMMedia\FinalLabMMedia.csproj", "{E69FF7CB-5023-4FA2-9F61-13988F1D53DC}"
EndProject
Global
	GlobalSection(SolutionConfigurationPlatforms) = preSolution
		Debug|Any CPU = Debug|Any CPU
		Release|Any CPU = Release|Any CPU
	EndGlobalSection
	GlobalSection(ProjectConfigurationPlatforms) = postSolution
		{E69FF7CB-5023-4FA2-9F61-13988F1D53DC}.Debug|Any CPU.ActiveCfg = Debug|Any CPU
		{E69FF7CB-5023-4FA2-9F61-13988F1D53DC}.Debug|Any CPU.Build.0 = Debug|Any CPU
		{E69FF7CB-5023-4FA2-9F61-13988F1D53DC}.Release|Any CPU.ActiveCfg = Release|Any CPU
		{E69FF7CB-5023-4FA2-9F61-13988F1D53DC}.Release|Any CPU.Build.0 = Release|Any CPU
	EndGlobalSection
	GlobalSection(SolutionProperties) = preSolution
		HideSolutionNode = FALSE
	EndGlobalSection
	GlobalSection(ExtensibilityGlobals) = postSolution
		SolutionGuid = {D2584CC5-369F-428B-AF25-F88603FF15D7}
	EndGlobalSection
EndGlobal
